
Microsoft Visual Studio Solution File, Format Version 12.00
# Visual Studio Version 17
VisualStudioVersion = 17.7.34003.232
MinimumVisualStudioVersion = 10.0.40219.1
Project("{FAE04EC0-301F-11D3-BF4B-00C04F79EFBC}") = "Back-end-CRUD", "Back-end-CRUD\Back-end-CRUD.csproj", "{3DDB157B-38DE-4B16-8AF6-784391F7B261}"
EndProject
Global
	GlobalSection(SolutionConfigurationPlatforms) = preSolution
		Debug|Any CPU = Debug|Any CPU
		Release|Any CPU = Release|Any CPU
	EndGlobalSection
	GlobalSection(ProjectConfigurationPlatforms) = postSolution
		{3DDB157B-38DE-4B16-8AF6-784391F7B261}.Debug|Any CPU.ActiveCfg = Debug|Any CPU
		{3DDB157B-38DE-4B16-8AF6-784391F7B261}.Debug|Any CPU.Build.0 = Debug|Any CPU
		{3DDB157B-38DE-4B16-8AF6-784391F7B261}.Release|Any CPU.ActiveCfg = Release|Any CPU
		{3DDB157B-38DE-4B16-8AF6-784391F7B261}.Release|Any CPU.Build.0 = Release|Any CPU
	EndGlobalSection
	GlobalSection(SolutionProperties) = preSolution
		HideSolutionNode = FALSE
	EndGlobalSection
	GlobalSection(ExtensibilityGlobals) = postSolution
		SolutionGuid = {35B437D4-D79A-4A5B-AF9B-8F09BFD535A0}
	EndGlobalSection
EndGlobal
